
Microsoft Visual Studio Solution File, Format Version 12.00
# Visual Studio Version 17
VisualStudioVersion = 17.2.32616.157
MinimumVisualStudioVersion = 10.0.40219.1
Project("{9A19103F-16F7-4668-BE54-9A1E7A4F7556}") = "FileParserService", "FileParserService\FileParserService.csproj", "{3BA287C5-C513-44A2-A1C3-55842431CABA}"
EndProject
Project("{FAE04EC0-301F-11D3-BF4B-00C04F79EFBC}") = "DataProcessorService", "DataProcessorService\DataProcessorService.csproj", "{C7B832FF-192C-4EB4-8760-85677EA7C88F}"
EndProject
Project("{FAE04EC0-301F-11D3-BF4B-00C04F79EFBC}") = "LoggingLibrary", "LoggingLibrary\LoggingLibrary.csproj", "{51BC7965-F8B1-4F7B-A201-3AB1198A3CA4}"
EndProject
Global
	GlobalSection(SolutionConfigurationPlatforms) = preSolution
		Debug|Any CPU = Debug|Any CPU
		Release|Any CPU = Release|Any CPU
	EndGlobalSection
	GlobalSection(ProjectConfigurationPlatforms) = postSolution
		{3BA287C5-C513-44A2-A1C3-55842431CABA}.Debug|Any CPU.ActiveCfg = Debug|Any CPU
		{3BA287C5-C513-44A2-A1C3-55842431CABA}.Debug|Any CPU.Build.0 = Debug|Any CPU
		{3BA287C5-C513-44A2-A1C3-55842431CABA}.Release|Any CPU.ActiveCfg = Release|Any CPU
		{3BA287C5-C513-44A2-A1C3-55842431CABA}.Release|Any CPU.Build.0 = Release|Any CPU
		{C7B832FF-192C-4EB4-8760-85677EA7C88F}.Debug|Any CPU.ActiveCfg = Debug|Any CPU
		{C7B832FF-192C-4EB4-8760-85677EA7C88F}.Debug|Any CPU.Build.0 = Debug|Any CPU
		{C7B832FF-192C-4EB4-8760-85677EA7C88F}.Release|Any CPU.ActiveCfg = Release|Any CPU
		{C7B832FF-192C-4EB4-8760-85677EA7C88F}.Release|Any CPU.Build.0 = Release|Any CPU
		{51BC7965-F8B1-4F7B-A201-3AB1198A3CA4}.Debug|Any CPU.ActiveCfg = Debug|Any CPU
		{51BC7965-F8B1-4F7B-A201-3AB1198A3CA4}.Debug|Any CPU.Build.0 = Debug|Any CPU
		{51BC7965-F8B1-4F7B-A201-3AB1198A3CA4}.Release|Any CPU.ActiveCfg = Release|Any CPU
		{51BC7965-F8B1-4F7B-A201-3AB1198A3CA4}.Release|Any CPU.Build.0 = Release|Any CPU
	EndGlobalSection
	GlobalSection(SolutionProperties) = preSolution
		HideSolutionNode = FALSE
	EndGlobalSection
	GlobalSection(ExtensibilityGlobals) = postSolution
		SolutionGuid = {D729E15A-913B-475F-9424-616DA1664EF3}
	EndGlobalSection
EndGlobal
