
Microsoft Visual Studio Solution File, Format Version 12.00
# Visual Studio Version 17
VisualStudioVersion = 17.2.32616.157
MinimumVisualStudioVersion = 10.0.40219.1
Project("{FAE04EC0-301F-11D3-BF4B-00C04F79EFBC}") = "FileParserService", "FileParserService\FileParserService.csproj", "{689F32E9-62C4-402A-91EC-65351B54D136}"
EndProject
Global
	GlobalSection(SolutionConfigurationPlatforms) = preSolution
		Debug|Any CPU = Debug|Any CPU
		Release|Any CPU = Release|Any CPU
	EndGlobalSection
	GlobalSection(ProjectConfigurationPlatforms) = postSolution
		{689F32E9-62C4-402A-91EC-65351B54D136}.Debug|Any CPU.ActiveCfg = Debug|Any CPU
		{689F32E9-62C4-402A-91EC-65351B54D136}.Debug|Any CPU.Build.0 = Debug|Any CPU
		{689F32E9-62C4-402A-91EC-65351B54D136}.Release|Any CPU.ActiveCfg = Release|Any CPU
		{689F32E9-62C4-402A-91EC-65351B54D136}.Release|Any CPU.Build.0 = Release|Any CPU
	EndGlobalSection
	GlobalSection(SolutionProperties) = preSolution
		HideSolutionNode = FALSE
	EndGlobalSection
	GlobalSection(ExtensibilityGlobals) = postSolution
		SolutionGuid = {4B02FFEA-E3A2-4F22-9867-C00F81267B0C}
	EndGlobalSection
EndGlobal
